
Microsoft Visual Studio Solution File, Format Version 12.00
# Visual Studio Version 17
VisualStudioVersion = 17.14.36408.4 d17.14
MinimumVisualStudioVersion = 10.0.40219.1
Project("{FAE04EC0-301F-11D3-BF4B-00C04F79EFBC}") = "MatcherGenerator", "MatcherGenerator\MatcherGenerator.csproj", "{2E842DEA-D46C-4257-A57E-F58E27FCC260}"
EndProject
Global
	GlobalSection(SolutionConfigurationPlatforms) = preSolution
		Debug|Any CPU = Debug|Any CPU
		Release|Any CPU = Release|Any CPU
	EndGlobalSection
	GlobalSection(ProjectConfigurationPlatforms) = postSolution
		{2E842DEA-D46C-4257-A57E-F58E27FCC260}.Debug|Any CPU.ActiveCfg = Debug|Any CPU
		{2E842DEA-D46C-4257-A57E-F58E27FCC260}.Debug|Any CPU.Build.0 = Debug|Any CPU
		{2E842DEA-D46C-4257-A57E-F58E27FCC260}.Release|Any CPU.ActiveCfg = Release|Any CPU
		{2E842DEA-D46C-4257-A57E-F58E27FCC260}.Release|Any CPU.Build.0 = Release|Any CPU
	EndGlobalSection
	GlobalSection(SolutionProperties) = preSolution
		HideSolutionNode = FALSE
	EndGlobalSection
	GlobalSection(ExtensibilityGlobals) = postSolution
		SolutionGuid = {48195F9A-AA74-4B24-8ACE-2C63DABD7F9F}
	EndGlobalSection
EndGlobal
